
Microsoft Visual Studio Solution File, Format Version 12.00
# Visual Studio Version 17
VisualStudioVersion = 17.14.36414.22 d17.14
MinimumVisualStudioVersion = 10.0.40219.1
Project("{FAE04EC0-301F-11D3-BF4B-00C04F79EFBC}") = "MichalRymaszewskiGeolocation", "MichalRymaszewskiGeolocation\MichalRymaszewskiGeolocation.csproj", "{06EE14BE-A0F1-4F62-9391-E1A7BEED378E}"
EndProject
Project("{FAE04EC0-301F-11D3-BF4B-00C04F79EFBC}") = "TestProject1", "TestProject1\TestProject1.csproj", "{319BBA58-1C6E-4A48-BADF-BAEB82B29966}"
EndProject
Global
	GlobalSection(SolutionConfigurationPlatforms) = preSolution
		Debug|Any CPU = Debug|Any CPU
		Release|Any CPU = Release|Any CPU
	EndGlobalSection
	GlobalSection(ProjectConfigurationPlatforms) = postSolution
		{06EE14BE-A0F1-4F62-9391-E1A7BEED378E}.Debug|Any CPU.ActiveCfg = Debug|Any CPU
		{06EE14BE-A0F1-4F62-9391-E1A7BEED378E}.Debug|Any CPU.Build.0 = Debug|Any CPU
		{06EE14BE-A0F1-4F62-9391-E1A7BEED378E}.Release|Any CPU.ActiveCfg = Release|Any CPU
		{06EE14BE-A0F1-4F62-9391-E1A7BEED378E}.Release|Any CPU.Build.0 = Release|Any CPU
		{319BBA58-1C6E-4A48-BADF-BAEB82B29966}.Debug|Any CPU.ActiveCfg = Debug|Any CPU
		{319BBA58-1C6E-4A48-BADF-BAEB82B29966}.Debug|Any CPU.Build.0 = Debug|Any CPU
		{319BBA58-1C6E-4A48-BADF-BAEB82B29966}.Release|Any CPU.ActiveCfg = Release|Any CPU
		{319BBA58-1C6E-4A48-BADF-BAEB82B29966}.Release|Any CPU.Build.0 = Release|Any CPU
	EndGlobalSection
	GlobalSection(SolutionProperties) = preSolution
		HideSolutionNode = FALSE
	EndGlobalSection
	GlobalSection(ExtensibilityGlobals) = postSolution
		SolutionGuid = {49981F1D-84C8-45BF-B9EE-F5843B313A4E}
	EndGlobalSection
EndGlobal
